
Microsoft Visual Studio Solution File, Format Version 12.00
# Visual Studio Version 17
VisualStudioVersion = 17.14.36414.22 d17.14
MinimumVisualStudioVersion = 10.0.40219.1
Project("{888888A0-9F3D-457C-B088-3A5042F75D52}") = "PythonApp1", "PythonApp1.pyproj", "{E8D1B193-44F6-4CB2-80FE-56B0C129B197}"
EndProject
Global
	GlobalSection(SolutionConfigurationPlatforms) = preSolution
		Debug|Any CPU = Debug|Any CPU
		Release|Any CPU = Release|Any CPU
	EndGlobalSection
	GlobalSection(ProjectConfigurationPlatforms) = postSolution
		{E8D1B193-44F6-4CB2-80FE-56B0C129B197}.Debug|Any CPU.ActiveCfg = Debug|Any CPU
		{E8D1B193-44F6-4CB2-80FE-56B0C129B197}.Release|Any CPU.ActiveCfg = Release|Any CPU
	EndGlobalSection
	GlobalSection(SolutionProperties) = preSolution
		HideSolutionNode = FALSE
	EndGlobalSection
	GlobalSection(ExtensibilityGlobals) = postSolution
		SolutionGuid = {619349D3-6C54-43BC-878F-118C28A0ED1D}
	EndGlobalSection
EndGlobal
